
Microsoft Visual Studio Solution File, Format Version 12.00
# Visual Studio Version 17
VisualStudioVersion = 17.8.34525.116
MinimumVisualStudioVersion = 10.0.40219.1
Project("{FAE04EC0-301F-11D3-BF4B-00C04F79EFBC}") = "Ejercicio1", "Ejercicio1\Ejercicio1.csproj", "{400BBC0D-EE58-49DF-A779-496AC9F692DF}"
EndProject
Global
	GlobalSection(SolutionConfigurationPlatforms) = preSolution
		Debug|Any CPU = Debug|Any CPU
		Release|Any CPU = Release|Any CPU
	EndGlobalSection
	GlobalSection(ProjectConfigurationPlatforms) = postSolution
		{400BBC0D-EE58-49DF-A779-496AC9F692DF}.Debug|Any CPU.ActiveCfg = Debug|Any CPU
		{400BBC0D-EE58-49DF-A779-496AC9F692DF}.Debug|Any CPU.Build.0 = Debug|Any CPU
		{400BBC0D-EE58-49DF-A779-496AC9F692DF}.Release|Any CPU.ActiveCfg = Release|Any CPU
		{400BBC0D-EE58-49DF-A779-496AC9F692DF}.Release|Any CPU.Build.0 = Release|Any CPU
	EndGlobalSection
	GlobalSection(SolutionProperties) = preSolution
		HideSolutionNode = FALSE
	EndGlobalSection
	GlobalSection(ExtensibilityGlobals) = postSolution
		SolutionGuid = {6366F021-4860-4B53-81A8-859EAD62B67D}
	EndGlobalSection
EndGlobal
